
Microsoft Visual Studio Solution File, Format Version 12.00
# Visual Studio Version 17
VisualStudioVersion = 17.2.32526.322
MinimumVisualStudioVersion = 10.0.40219.1
Project("{FAE04EC0-301F-11D3-BF4B-00C04F79EFBC}") = "P01. Sum Adjacent Equal Numbers", "P01. Sum Adjacent Equal Numbers\P01. Sum Adjacent Equal Numbers.csproj", "{D7DC4A51-8961-43BE-A4F4-9F8B178353B9}"
EndProject
Project("{FAE04EC0-301F-11D3-BF4B-00C04F79EFBC}") = "P02. Gauss' Trick", "P02. Gauss' Trick\P02. Gauss' Trick.csproj", "{3B39F3D3-5988-44C8-9843-1B1DACFBFE5F}"
EndProject
Project("{FAE04EC0-301F-11D3-BF4B-00C04F79EFBC}") = "P03. Merging Lists", "P03. Merging Lists\P03. Merging Lists.csproj", "{D510E1B6-2298-476A-8675-40917EFBF7D2}"
EndProject
Project("{FAE04EC0-301F-11D3-BF4B-00C04F79EFBC}") = "P04. List of Products", "P04. List of Products\P04. List of Products.csproj", "{1D354746-2676-4029-8FFD-42568696724E}"
EndProject
Project("{FAE04EC0-301F-11D3-BF4B-00C04F79EFBC}") = "P05. Remove Negatives and Reverse", "P05. Remove Negatives and Reverse\P05. Remove Negatives and Reverse.csproj", "{0A006962-B629-45A2-9F87-F5929DBE8717}"
EndProject
Project("{FAE04EC0-301F-11D3-BF4B-00C04F79EFBC}") = "P06. List Manipulation Basics", "P06. List Manipulation Basics\P06. List Manipulation Basics.csproj", "{4ED50813-B49B-446A-8DE2-A9FB32BC8383}"
EndProject
Project("{FAE04EC0-301F-11D3-BF4B-00C04F79EFBC}") = "P07. List Manipulation Advanced", "P07. List Manipulation Advanced\P07. List Manipulation Advanced.csproj", "{696FE3A7-6E28-426E-A7C8-F58704068A7F}"
EndProject
Global
	GlobalSection(SolutionConfigurationPlatforms) = preSolution
		Debug|Any CPU = Debug|Any CPU
		Release|Any CPU = Release|Any CPU
	EndGlobalSection
	GlobalSection(ProjectConfigurationPlatforms) = postSolution
		{D7DC4A51-8961-43BE-A4F4-9F8B178353B9}.Debug|Any CPU.ActiveCfg = Debug|Any CPU
		{D7DC4A51-8961-43BE-A4F4-9F8B178353B9}.Debug|Any CPU.Build.0 = Debug|Any CPU
		{D7DC4A51-8961-43BE-A4F4-9F8B178353B9}.Release|Any CPU.ActiveCfg = Release|Any CPU
		{D7DC4A51-8961-43BE-A4F4-9F8B178353B9}.Release|Any CPU.Build.0 = Release|Any CPU
		{3B39F3D3-5988-44C8-9843-1B1DACFBFE5F}.Debug|Any CPU.ActiveCfg = Debug|Any CPU
		{3B39F3D3-5988-44C8-9843-1B1DACFBFE5F}.Debug|Any CPU.Build.0 = Debug|Any CPU
		{3B39F3D3-5988-44C8-9843-1B1DACFBFE5F}.Release|Any CPU.ActiveCfg = Release|Any CPU
		{3B39F3D3-5988-44C8-9843-1B1DACFBFE5F}.Release|Any CPU.Build.0 = Release|Any CPU
		{D510E1B6-2298-476A-8675-40917EFBF7D2}.Debug|Any CPU.ActiveCfg = Debug|Any CPU
		{D510E1B6-2298-476A-8675-40917EFBF7D2}.Debug|Any CPU.Build.0 = Debug|Any CPU
		{D510E1B6-2298-476A-8675-40917EFBF7D2}.Release|Any CPU.ActiveCfg = Release|Any CPU
		{D510E1B6-2298-476A-8675-40917EFBF7D2}.Release|Any CPU.Build.0 = Release|Any CPU
		{1D354746-2676-4029-8FFD-42568696724E}.Debug|Any CPU.ActiveCfg = Debug|Any CPU
		{1D354746-2676-4029-8FFD-42568696724E}.Debug|Any CPU.Build.0 = Debug|Any CPU
		{1D354746-2676-4029-8FFD-42568696724E}.Release|Any CPU.ActiveCfg = Release|Any CPU
		{1D354746-2676-4029-8FFD-42568696724E}.Release|Any CPU.Build.0 = Release|Any CPU
		{0A006962-B629-45A2-9F87-F5929DBE8717}.Debug|Any CPU.ActiveCfg = Debug|Any CPU
		{0A006962-B629-45A2-9F87-F5929DBE8717}.Debug|Any CPU.Build.0 = Debug|Any CPU
		{0A006962-B629-45A2-9F87-F5929DBE8717}.Release|Any CPU.ActiveCfg = Release|Any CPU
		{0A006962-B629-45A2-9F87-F5929DBE8717}.Release|Any CPU.Build.0 = Release|Any CPU
		{4ED50813-B49B-446A-8DE2-A9FB32BC8383}.Debug|Any CPU.ActiveCfg = Debug|Any CPU
		{4ED50813-B49B-446A-8DE2-A9FB32BC8383}.Debug|Any CPU.Build.0 = Debug|Any CPU
		{4ED50813-B49B-446A-8DE2-A9FB32BC8383}.Release|Any CPU.ActiveCfg = Release|Any CPU
		{4ED50813-B49B-446A-8DE2-A9FB32BC8383}.Release|Any CPU.Build.0 = Release|Any CPU
		{696FE3A7-6E28-426E-A7C8-F58704068A7F}.Debug|Any CPU.ActiveCfg = Debug|Any CPU
		{696FE3A7-6E28-426E-A7C8-F58704068A7F}.Debug|Any CPU.Build.0 = Debug|Any CPU
		{696FE3A7-6E28-426E-A7C8-F58704068A7F}.Release|Any CPU.ActiveCfg = Release|Any CPU
		{696FE3A7-6E28-426E-A7C8-F58704068A7F}.Release|Any CPU.Build.0 = Release|Any CPU
	EndGlobalSection
	GlobalSection(SolutionProperties) = preSolution
		HideSolutionNode = FALSE
	EndGlobalSection
	GlobalSection(ExtensibilityGlobals) = postSolution
		SolutionGuid = {B95EC97D-07A1-4A5E-848F-FE5F87BCC3F2}
	EndGlobalSection
EndGlobal
